
Microsoft Visual Studio Solution File, Format Version 12.00
# Visual Studio 15
VisualStudioVersion = 15.0.28010.2019
MinimumVisualStudioVersion = 10.0.40219.1
Project("{FAE04EC0-301F-11D3-BF4B-00C04F79EFBC}") = "DwrUtility", "DwrUtility\DwrUtility.csproj", "{F6E51212-C65E-43F7-9978-43EB3F9BB5B3}"
EndProject
Project("{FAE04EC0-301F-11D3-BF4B-00C04F79EFBC}") = "DwrUtility.Test", "DwrUtility.Test\DwrUtility.Test.csproj", "{FF018A66-E13D-4AB8-B40A-A6973664059C}"
EndProject
Global
	GlobalSection(SolutionConfigurationPlatforms) = preSolution
		Debug|Any CPU = Debug|Any CPU
		Release|Any CPU = Release|Any CPU
	EndGlobalSection
	GlobalSection(ProjectConfigurationPlatforms) = postSolution
		{F6E51212-C65E-43F7-9978-43EB3F9BB5B3}.Debug|Any CPU.ActiveCfg = Debug|Any CPU
		{F6E51212-C65E-43F7-9978-43EB3F9BB5B3}.Debug|Any CPU.Build.0 = Debug|Any CPU
		{F6E51212-C65E-43F7-9978-43EB3F9BB5B3}.Release|Any CPU.ActiveCfg = Release|Any CPU
		{F6E51212-C65E-43F7-9978-43EB3F9BB5B3}.Release|Any CPU.Build.0 = Release|Any CPU
		{FF018A66-E13D-4AB8-B40A-A6973664059C}.Debug|Any CPU.ActiveCfg = Debug|Any CPU
		{FF018A66-E13D-4AB8-B40A-A6973664059C}.Debug|Any CPU.Build.0 = Debug|Any CPU
		{FF018A66-E13D-4AB8-B40A-A6973664059C}.Release|Any CPU.ActiveCfg = Release|Any CPU
		{FF018A66-E13D-4AB8-B40A-A6973664059C}.Release|Any CPU.Build.0 = Release|Any CPU
	EndGlobalSection
	GlobalSection(SolutionProperties) = preSolution
		HideSolutionNode = FALSE
	EndGlobalSection
	GlobalSection(ExtensibilityGlobals) = postSolution
		SolutionGuid = {2382D305-3921-42E5-AB2C-F1D67858C797}
	EndGlobalSection
EndGlobal
